
Microsoft Visual Studio Solution File, Format Version 12.00
# Visual Studio Version 18
VisualStudioVersion = 18.7.11911.148 stable
MinimumVisualStudioVersion = 10.0.40219.1
Project("{FAE04EC0-301F-11D3-BF4B-00C04F79EFBC}") = "TrainingForExam", "TrainingForExam\TrainingForExam.csproj", "{32AF5ED2-F18B-48A4-BEBF-78F56BF7DC08}"
EndProject
Project("{FAE04EC0-301F-11D3-BF4B-00C04F79EFBC}") = "4", "4\4.csproj", "{950DBFAC-A58A-4EE5-AF75-AE82F04B7751}"
EndProject
Global
	GlobalSection(SolutionConfigurationPlatforms) = preSolution
		Debug|Any CPU = Debug|Any CPU
		Release|Any CPU = Release|Any CPU
	EndGlobalSection
	GlobalSection(ProjectConfigurationPlatforms) = postSolution
		{32AF5ED2-F18B-48A4-BEBF-78F56BF7DC08}.Debug|Any CPU.ActiveCfg = Debug|Any CPU
		{32AF5ED2-F18B-48A4-BEBF-78F56BF7DC08}.Debug|Any CPU.Build.0 = Debug|Any CPU
		{32AF5ED2-F18B-48A4-BEBF-78F56BF7DC08}.Release|Any CPU.ActiveCfg = Release|Any CPU
		{32AF5ED2-F18B-48A4-BEBF-78F56BF7DC08}.Release|Any CPU.Build.0 = Release|Any CPU
		{950DBFAC-A58A-4EE5-AF75-AE82F04B7751}.Debug|Any CPU.ActiveCfg = Debug|Any CPU
		{950DBFAC-A58A-4EE5-AF75-AE82F04B7751}.Debug|Any CPU.Build.0 = Debug|Any CPU
		{950DBFAC-A58A-4EE5-AF75-AE82F04B7751}.Release|Any CPU.ActiveCfg = Release|Any CPU
		{950DBFAC-A58A-4EE5-AF75-AE82F04B7751}.Release|Any CPU.Build.0 = Release|Any CPU
	EndGlobalSection
	GlobalSection(SolutionProperties) = preSolution
		HideSolutionNode = FALSE
	EndGlobalSection
	GlobalSection(ExtensibilityGlobals) = postSolution
		SolutionGuid = {EAFEB13A-F911-4617-B16C-29492895EE0D}
	EndGlobalSection
EndGlobal
